{
  "name": "test",
  "lockfileVersion": 2,
  "requires": true,
  "packages": {
    "": {
      "dependencies": {
        "datatables.net-buttons-dt": "^3.2.4",
        "datatables.net-datetime": "^1.5.6",
        "datatables.net-dt": "^2.3.2",
        "datatables.net-fixedheader-dt": "^4.0.3",
        "jquery": "^3.7.1"
      }
    },
    "node_modules/datatables.net": {
      "version": "2.3.2",
      "resolved": "https://registry.npmjs.org/datatables.net/-/datatables.net-2.3.2.tgz",
      "integrity": "sha512-31TzwIQM0+pr2ZOEOEH6dsHd/WSAl5GDDGPezOHPI3mM2NK4lcDyOoG8xXeWmSbVfbi852LNK5C84fpp4Q+qxg==",
      "dependencies": {
        "jquery": ">=1.7"
      }
    },
    "node_modules/datatables.net-buttons": {
      "version": "3.2.4",
      "resolved": "https://registry.npmjs.org/datatables.net-buttons/-/datatables.net-buttons-3.2.4.tgz",
      "integrity": "sha512-anA39/R0kpHA2DOwqEHy/ZMXD5vf4tWmyNO0BnO0kJG7AFNvGTUCWBnBifXYg3G64U6JYpYY+MuTFKIB1/ZMTQ==",
      "dependencies": {
        "datatables.net": "^2",
        "jquery": ">=1.7"
      }
    },
    "node_modules/datatables.net-buttons-dt": {
      "version": "3.2.4",
      "resolved": "https://registry.npmjs.org/datatables.net-buttons-dt/-/datatables.net-buttons-dt-3.2.4.tgz",
      "integrity": "sha512-lw+C6pp6NJOFGPdOwCtehA16ABFnu/3vwar8Hjxz0BDLoLa3/BbgjZFva/1B5p/HzUvfGVTeUHYnJrrVHZBzKw==",
      "dependencies": {
        "datatables.net-buttons": "3.2.4",
        "datatables.net-dt": "^2",
        "jquery": ">=1.7"
      }
    },
    "node_modules/datatables.net-datetime": {
      "version": "1.5.6",
      "resolved": "https://registry.npmjs.org/datatables.net-datetime/-/datatables.net-datetime-1.5.6.tgz",
      "integrity": "sha512-iUESJxhd729l4t248Nm2qpvzdCFQInTnDTCVwZS4t/ZO0/FP6tPBd4tWHK5hzpa3Cdz/oQ4SpQFhLusMV6wtxw=="
    },
    "node_modules/datatables.net-dt": {
      "version": "2.3.2",
      "resolved": "https://registry.npmjs.org/datatables.net-dt/-/datatables.net-dt-2.3.2.tgz",
      "integrity": "sha512-2heAMe0AVqJ8nt9wE35ArLtL1zP7N7qnhM3u52bLcJfi4NStxyBsHScVggTHVQPj7r9O+qirAxox1Xcr+Bm4Dw==",
      "dependencies": {
        "datatables.net": "2.3.2",
        "jquery": ">=1.7"
      }
    },
    "node_modules/datatables.net-fixedheader": {
      "version": "4.0.3",
      "resolved": "https://registry.npmjs.org/datatables.net-fixedheader/-/datatables.net-fixedheader-4.0.3.tgz",
      "integrity": "sha512-Mzx6MT7/+aaLQ3fRlOaFPJQFMOYorsSx2PvD/Hh3DAv6O/Oq8UPQsJ84I16feAqkPqoDdtP/eaXuUKH+NYDfVQ==",
      "dependencies": {
        "datatables.net": "^2",
        "jquery": ">=1.7"
      }
    },
    "node_modules/datatables.net-fixedheader-dt": {
      "version": "4.0.3",
      "resolved": "https://registry.npmjs.org/datatables.net-fixedheader-dt/-/datatables.net-fixedheader-dt-4.0.3.tgz",
      "integrity": "sha512-HBcCvAF9hrkSDKt6jWedJbyvQd8BwEXeZlhXlb3NRBOZSo2nDHgKyycKGcyIuMHHhwz5/KlLI4S231KthppbTw==",
      "dependencies": {
        "datatables.net-dt": "^2",
        "datatables.net-fixedheader": "4.0.3",
        "jquery": ">=1.7"
      }
    },
    "node_modules/jquery": {
      "version": "3.7.1",
      "resolved": "https://registry.npmjs.org/jquery/-/jquery-3.7.1.tgz",
      "integrity": "sha512-m4avr8yL8kmFN8psrbFFFmB/If14iN5o9nw/NgnnM+kybDJpRsAynV2BsfpTYrTRysYUdADVD7CkUUizgkpLfg=="
    }
  },
  "dependencies": {
    "datatables.net": {
      "version": "2.3.2",
      "resolved": "https://registry.npmjs.org/datatables.net/-/datatables.net-2.3.2.tgz",
      "integrity": "sha512-31TzwIQM0+pr2ZOEOEH6dsHd/WSAl5GDDGPezOHPI3mM2NK4lcDyOoG8xXeWmSbVfbi852LNK5C84fpp4Q+qxg==",
      "requires": {
        "jquery": ">=1.7"
      }
    },
    "datatables.net-buttons": {
      "version": "3.2.4",
      "resolved": "https://registry.npmjs.org/datatables.net-buttons/-/datatables.net-buttons-3.2.4.tgz",
      "integrity": "sha512-anA39/R0kpHA2DOwqEHy/ZMXD5vf4tWmyNO0BnO0kJG7AFNvGTUCWBnBifXYg3G64U6JYpYY+MuTFKIB1/ZMTQ==",
      "requires": {
        "datatables.net": "^2",
        "jquery": ">=1.7"
      }
    },
    "datatables.net-buttons-dt": {
      "version": "3.2.4",
      "resolved": "https://registry.npmjs.org/datatables.net-buttons-dt/-/datatables.net-buttons-dt-3.2.4.tgz",
      "integrity": "sha512-lw+C6pp6NJOFGPdOwCtehA16ABFnu/3vwar8Hjxz0BDLoLa3/BbgjZFva/1B5p/HzUvfGVTeUHYnJrrVHZBzKw==",
      "requires": {
        "datatables.net-buttons": "3.2.4",
        "datatables.net-dt": "^2",
        "jquery": ">=1.7"
      }
    },
    "datatables.net-datetime": {
      "version": "1.5.6",
      "resolved": "https://registry.npmjs.org/datatables.net-datetime/-/datatables.net-datetime-1.5.6.tgz",
      "integrity": "sha512-iUESJxhd729l4t248Nm2qpvzdCFQInTnDTCVwZS4t/ZO0/FP6tPBd4tWHK5hzpa3Cdz/oQ4SpQFhLusMV6wtxw=="
    },
    "datatables.net-dt": {
      "version": "2.3.2",
      "resolved": "https://registry.npmjs.org/datatables.net-dt/-/datatables.net-dt-2.3.2.tgz",
      "integrity": "sha512-2heAMe0AVqJ8nt9wE35ArLtL1zP7N7qnhM3u52bLcJfi4NStxyBsHScVggTHVQPj7r9O+qirAxox1Xcr+Bm4Dw==",
      "requires": {
        "datatables.net": "2.3.2",
        "jquery": ">=1.7"
      }
    },
    "datatables.net-fixedheader": {
      "version": "4.0.3",
      "resolved": "https://registry.npmjs.org/datatables.net-fixedheader/-/datatables.net-fixedheader-4.0.3.tgz",
      "integrity": "sha512-Mzx6MT7/+aaLQ3fRlOaFPJQFMOYorsSx2PvD/Hh3DAv6O/Oq8UPQsJ84I16feAqkPqoDdtP/eaXuUKH+NYDfVQ==",
      "requires": {
        "datatables.net": "^2",
        "jquery": ">=1.7"
      }
    },
    "datatables.net-fixedheader-dt": {
      "version": "4.0.3",
      "resolved": "https://registry.npmjs.org/datatables.net-fixedheader-dt/-/datatables.net-fixedheader-dt-4.0.3.tgz",
      "integrity": "sha512-HBcCvAF9hrkSDKt6jWedJbyvQd8BwEXeZlhXlb3NRBOZSo2nDHgKyycKGcyIuMHHhwz5/KlLI4S231KthppbTw==",
      "requires": {
        "datatables.net-dt": "^2",
        "datatables.net-fixedheader": "4.0.3",
        "jquery": ">=1.7"
      }
    },
    "jquery": {
      "version": "3.7.1",
      "resolved": "https://registry.npmjs.org/jquery/-/jquery-3.7.1.tgz",
      "integrity": "sha512-m4avr8yL8kmFN8psrbFFFmB/If14iN5o9nw/NgnnM+kybDJpRsAynV2BsfpTYrTRysYUdADVD7CkUUizgkpLfg=="
    }
  }
}
